
Microsoft Visual Studio Solution File, Format Version 12.00
# Visual Studio 15
VisualStudioVersion = 15.0.27130.2024
MinimumVisualStudioVersion = 10.0.40219.1
Project("{FAE04EC0-301F-11D3-BF4B-00C04F79EFBC}") = "Lab2", "Lab2\Lab2.csproj", "{A2C1F7E6-5B5A-472A-9549-65AB232DCCE0}"
EndProject
Global
	GlobalSection(SolutionConfigurationPlatforms) = preSolution
		Debug|Any CPU = Debug|Any CPU
		Release|Any CPU = Release|Any CPU
	EndGlobalSection
	GlobalSection(ProjectConfigurationPlatforms) = postSolution
		{A2C1F7E6-5B5A-472A-9549-65AB232DCCE0}.Debug|Any CPU.ActiveCfg = Debug|Any CPU
		{A2C1F7E6-5B5A-472A-9549-65AB232DCCE0}.Debug|Any CPU.Build.0 = Debug|Any CPU
		{A2C1F7E6-5B5A-472A-9549-65AB232DCCE0}.Release|Any CPU.ActiveCfg = Release|Any CPU
		{A2C1F7E6-5B5A-472A-9549-65AB232DCCE0}.Release|Any CPU.Build.0 = Release|Any CPU
	EndGlobalSection
	GlobalSection(SolutionProperties) = preSolution
		HideSolutionNode = FALSE
	EndGlobalSection
	GlobalSection(ExtensibilityGlobals) = postSolution
		SolutionGuid = {A283E2E4-74A2-42CF-B078-0FC5285F4C13}
	EndGlobalSection
EndGlobal
